<?xml version="1.0" encoding="utf-8"?>
<Project ToolsVersion="4.0" xmlns="http://schemas.microsoft.com/developer/msbuild/2003">
  <ItemGroup>
    <Filter Include="Pliki źródłowe">
      <UniqueIdentifier>{4FC737F1-C7A5-4376-A066-2A32D752A2FF}</UniqueIdentifier>
      <Extensions>cpp;c;cc;cxx;c++;cppm;ixx;def;odl;idl;hpj;bat;asm;asmx</Extensions>
    </Filter>
    <Filter Include="Pliki nagłówkowe">
      <UniqueIdentifier>{93995380-89BD-4b04-88EB-625FBE52EBFB}</UniqueIdentifier>
      <Extensions>h;hh;hpp;hxx;h++;hm;inl;inc;ipp;xsd</Extensions>
    </Filter>
    <Filter Include="Pliki zasobów">
      <UniqueIdentifier>{67DA6AB6-F800-4c08-8B7A-83BB121AAD01}</UniqueIdentifier>
      <Extensions>rc;ico;cur;bmp;dlg;rc2;rct;bin;rgs;gif;jpg;jpeg;jpe;resx;tiff;tif;png;wav;mfcribbon-ms</Extensions>
    </Filter>
    <Filter Include="Pliki nagłówkowe\GameObjects">
      <UniqueIdentifier>{0fbca3ab-0f87-45d0-89cc-46c7d5620594}</UniqueIdentifier>
    </Filter>
    <Filter Include="Pliki źródłowe\GameObjects">
      <UniqueIdentifier>{7771b4f3-2784-4717-9d9e-6a986a67a96b}</UniqueIdentifier>
    </Filter>
    <Filter Include="Pliki nagłówkowe\Resources">
      <UniqueIdentifier>{0c49bf18-7cf1-443b-a585-185eefb819ec}</UniqueIdentifier>
    </Filter>
    <Filter Include="VirtuallClasses">
      <UniqueIdentifier>{5e8a0f79-03cd-4bef-aab6-7b02c81a69fe}</UniqueIdentifier>
    </Filter>
    <Filter Include="Pliki źródłowe\Windows">
      <UniqueIdentifier>{c59c5fb6-9b25-49c8-b71e-0a58a9340fd2}</UniqueIdentifier>
    </Filter>
    <Filter Include="Pliki nagłówkowe\Windows">
      <UniqueIdentifier>{5a15b3fb-49d5-497b-9275-2eee6418046d}</UniqueIdentifier>
    </Filter>
  </ItemGroup>
  <ItemGroup>
    <ClCompile Include="Player.cpp">
      <Filter>Pliki źródłowe\GameObjects</Filter>
    </ClCompile>
    <ClCompile Include="Enemy.hpp">
      <Filter>Pliki nagłówkowe\GameObjects</Filter>
    </ClCompile>
    <ClCompile Include="Enemy.cpp">
      <Filter>Pliki źródłowe\GameObjects</Filter>
    </ClCompile>
    <ClCompile Include="Weapon.cpp">
      <Filter>Pliki źródłowe\GameObjects</Filter>
    </ClCompile>
    <ClCompile Include="RockWall.cpp">
      <Filter>Pliki źródłowe\GameObjects</Filter>
    </ClCompile>
    <ClCompile Include="MoveableGraphicalObject.h">
      <Filter>VirtuallClasses</Filter>
    </ClCompile>
    <ClCompile Include="Window.cpp">
      <Filter>Pliki źródłowe\Windows</Filter>
    </ClCompile>
    <ClCompile Include="TitleScreen.cpp">
      <Filter>Pliki źródłowe\Windows</Filter>
    </ClCompile>
    <ClCompile Include="TextInput.cpp">
      <Filter>Pliki źródłowe\Windows</Filter>
    </ClCompile>
    <ClCompile Include="TableScore.cpp">
      <Filter>Pliki źródłowe\Windows</Filter>
    </ClCompile>
    <ClCompile Include="Window.hpp">
      <Filter>Pliki nagłówkowe\Windows</Filter>
    </ClCompile>
    <ClCompile Include="Game.cpp">
      <Filter>Pliki źródłowe\Windows</Filter>
    </ClCompile>
    <ClCompile Include="Space Invaders.cpp">
      <Filter>Pliki źródłowe</Filter>
    </ClCompile>
  </ItemGroup>
  <ItemGroup>
    <ClInclude Include="Player.hpp">
      <Filter>Pliki nagłówkowe\GameObjects</Filter>
    </ClInclude>
    <ClInclude Include="Weapon.hpp">
      <Filter>Pliki nagłówkowe\GameObjects</Filter>
    </ClInclude>
    <ClInclude Include="ResourcesManger.hpp">
      <Filter>Pliki nagłówkowe\Resources</Filter>
    </ClInclude>
    <ClInclude Include="RockWall.hpp">
      <Filter>Pliki nagłówkowe\GameObjects</Filter>
    </ClInclude>
    <ClInclude Include="TextInput.hpp">
      <Filter>Pliki nagłówkowe\GameObjects</Filter>
    </ClInclude>
    <ClInclude Include="GraphicalObject.h">
      <Filter>VirtuallClasses</Filter>
    </ClInclude>
    <ClInclude Include="TitleScreen.hpp">
      <Filter>Pliki nagłówkowe\Windows</Filter>
    </ClInclude>
    <ClInclude Include="Game.hpp">
      <Filter>Pliki nagłówkowe\Windows</Filter>
    </ClInclude>
    <ClInclude Include="TableScore.h">
      <Filter>Pliki nagłówkowe\Windows</Filter>
    </ClInclude>
  </ItemGroup>
  <ItemGroup>
    <None Include="ClassDiagram.cd" />
  </ItemGroup>
</Project>